# This file is @generated by PDM.
# It is not intended for manual editing.

[[package]]
name = "annotated-types"
version = "0.6.0"
requires_python = ">=3.8"
summary = "Reusable constraint types to use with typing.Annotated"

[[package]]
name = "anyio"
version = "3.7.1"
requires_python = ">=3.7"
summary = "High level compatibility layer for multiple asynchronous event loop implementations"
dependencies = [
    "exceptiongroup; python_version < \"3.11\"",
    "idna>=2.8",
    "sniffio>=1.1",
]

[[package]]
name = "certifi"
version = "2023.11.17"
requires_python = ">=3.6"
summary = "Python package for providing Mozilla's CA Bundle."

[[package]]
name = "click"
version = "8.1.7"
requires_python = ">=3.7"
summary = "Composable command line interface toolkit"
dependencies = [
    "colorama; platform_system == \"Windows\"",
]

[[package]]
name = "colorama"
version = "0.4.6"
requires_python = "!=3.0.*,!=3.1.*,!=3.2.*,!=3.3.*,!=3.4.*,!=3.5.*,!=3.6.*,>=2.7"
summary = "Cross-platform colored terminal text."

[[package]]
name = "distro"
version = "1.8.0"
requires_python = ">=3.6"
summary = "Distro - an OS platform information API"

[[package]]
name = "exceptiongroup"
version = "1.1.3"
requires_python = ">=3.7"
summary = "Backport of PEP 654 (exception groups)"

[[package]]
name = "h11"
version = "0.14.0"
requires_python = ">=3.7"
summary = "A pure-Python, bring-your-own-I/O implementation of HTTP/1.1"

[[package]]
name = "httpcore"
version = "1.0.2"
requires_python = ">=3.8"
summary = "A minimal low-level HTTP client."
dependencies = [
    "certifi",
    "h11<0.15,>=0.13",
]

[[package]]
name = "httpx"
version = "0.25.1"
requires_python = ">=3.8"
summary = "The next generation HTTP client."
dependencies = [
    "anyio",
    "certifi",
    "httpcore",
    "idna",
    "sniffio",
]

[[package]]
name = "idna"
version = "3.4"
requires_python = ">=3.5"
summary = "Internationalized Domain Names in Applications (IDNA)"

[[package]]
name = "markdown-it-py"
version = "3.0.0"
requires_python = ">=3.8"
summary = "Python port of markdown-it. Markdown parsing, done right!"
dependencies = [
    "mdurl~=0.1",
]

[[package]]
name = "mdurl"
version = "0.1.2"
requires_python = ">=3.7"
summary = "Markdown URL utilities"

[[package]]
name = "openai"
version = "1.14.3"
requires_python = ">=3.7.1"
summary = "The official Python library for the openai API"
dependencies = [
    "anyio<5,>=3.5.0",
    "distro<2,>=1.7.0",
    "httpx<1,>=0.23.0",
    "pydantic<3,>=1.9.0",
    "sniffio",
    "tqdm>4",
    "typing-extensions<5,>=4.7",
]

[[package]]
name = "pydantic"
version = "2.5.1"
requires_python = ">=3.7"
summary = "Data validation using Python type hints"
dependencies = [
    "annotated-types>=0.4.0",
    "pydantic-core==2.14.3",
    "typing-extensions>=4.6.1",
]

[[package]]
name = "pydantic-core"
version = "2.14.3"
requires_python = ">=3.7"
summary = ""
dependencies = [
    "typing-extensions!=4.7.0,>=4.6.0",
]

[[package]]
name = "pygments"
version = "2.17.2"
requires_python = ">=3.7"
summary = "Pygments is a syntax highlighting package written in Python."

[[package]]
name = "rich"
version = "13.7.1"
requires_python = ">=3.7.0"
summary = "Render rich text, tables, progress bars, syntax highlighting, markdown and more to the terminal"
dependencies = [
    "markdown-it-py>=2.2.0",
    "pygments<3.0.0,>=2.13.0",
]

[[package]]
name = "shellingham"
version = "1.5.4"
requires_python = ">=3.7"
summary = "Tool to Detect Surrounding Shell"

[[package]]
name = "sniffio"
version = "1.3.0"
requires_python = ">=3.7"
summary = "Sniff out which async library your code is running under"

[[package]]
name = "tqdm"
version = "4.66.1"
requires_python = ">=3.7"
summary = "Fast, Extensible Progress Meter"
dependencies = [
    "colorama; platform_system == \"Windows\"",
]

[[package]]
name = "typer"
version = "0.10.0"
requires_python = ">=3.6"
summary = "Typer, build great CLIs. Easy to code. Based on Python type hints."
dependencies = [
    "click<9.0.0,>=7.1.1",
    "typing-extensions>=3.7.4.3",
]

[[package]]
name = "typer"
version = "0.10.0"
extras = ["all"]
requires_python = ">=3.6"
summary = "Typer, build great CLIs. Easy to code. Based on Python type hints."
dependencies = [
    "colorama<0.5.0,>=0.4.3",
    "rich<14.0.0,>=10.11.0",
    "shellingham<2.0.0,>=1.3.0",
    "typer==0.10.0",
]

[[package]]
name = "typing-extensions"
version = "4.8.0"
requires_python = ">=3.8"
summary = "Backported and Experimental Type Hints for Python 3.8+"

[metadata]
lock_version = "4.1"
content_hash = "sha256:82ed36c53ca1d6f9c2b72bb883ca46a6e94d0caa488a1a8caef9d0c4688fed2d"

[metadata.files]
"annotated-types 0.6.0" = [
    {url = "https://files.pythonhosted.org/packages/28/78/d31230046e58c207284c6b2c4e8d96e6d3cb4e52354721b944d3e1ee4aa5/annotated_types-0.6.0-py3-none-any.whl", hash = "sha256:0641064de18ba7a25dee8f96403ebc39113d0cb953a01429249d5c7564666a43"},
    {url = "https://files.pythonhosted.org/packages/67/fe/8c7b275824c6d2cd17c93ee85d0ee81c090285b6d52f4876ccc47cf9c3c4/annotated_types-0.6.0.tar.gz", hash = "sha256:563339e807e53ffd9c267e99fc6d9ea23eb8443c08f112651963e24e22f84a5d"},
]
"anyio 3.7.1" = [
    {url = "https://files.pythonhosted.org/packages/19/24/44299477fe7dcc9cb58d0a57d5a7588d6af2ff403fdd2d47a246c91a3246/anyio-3.7.1-py3-none-any.whl", hash = "sha256:91dee416e570e92c64041bd18b900d1d6fa78dff7048769ce5ac5ddad004fbb5"},
    {url = "https://files.pythonhosted.org/packages/28/99/2dfd53fd55ce9838e6ff2d4dac20ce58263798bd1a0dbe18b3a9af3fcfce/anyio-3.7.1.tar.gz", hash = "sha256:44a3c9aba0f5defa43261a8b3efb97891f2bd7d804e0e1f56419befa1adfc780"},
]
"certifi 2023.11.17" = [
    {url = "https://files.pythonhosted.org/packages/64/62/428ef076be88fa93716b576e4a01f919d25968913e817077a386fcbe4f42/certifi-2023.11.17-py3-none-any.whl", hash = "sha256:e036ab49d5b79556f99cfc2d9320b34cfbe5be05c5871b51de9329f0603b0474"},
    {url = "https://files.pythonhosted.org/packages/d4/91/c89518dd4fe1f3a4e3f6ab7ff23cb00ef2e8c9adf99dacc618ad5e068e28/certifi-2023.11.17.tar.gz", hash = "sha256:9b469f3a900bf28dc19b8cfbf8019bf47f7fdd1a65a1d4ffb98fc14166beb4d1"},
]
"click 8.1.7" = [
    {url = "https://files.pythonhosted.org/packages/00/2e/d53fa4befbf2cfa713304affc7ca780ce4fc1fd8710527771b58311a3229/click-8.1.7-py3-none-any.whl", hash = "sha256:ae74fb96c20a0277a1d615f1e4d73c8414f5a98db8b799a7931d1582f3390c28"},
    {url = "https://files.pythonhosted.org/packages/96/d3/f04c7bfcf5c1862a2a5b845c6b2b360488cf47af55dfa79c98f6a6bf98b5/click-8.1.7.tar.gz", hash = "sha256:ca9853ad459e787e2192211578cc907e7594e294c7ccc834310722b41b9ca6de"},
]
"colorama 0.4.6" = [
    {url = "https://files.pythonhosted.org/packages/d1/d6/3965ed04c63042e047cb6a3e6ed1a63a35087b6a609aa3a15ed8ac56c221/colorama-0.4.6-py2.py3-none-any.whl", hash = "sha256:4f1d9991f5acc0ca119f9d443620b77f9d6b33703e51011c16baf57afb285fc6"},
    {url = "https://files.pythonhosted.org/packages/d8/53/6f443c9a4a8358a93a6792e2acffb9d9d5cb0a5cfd8802644b7b1c9a02e4/colorama-0.4.6.tar.gz", hash = "sha256:08695f5cb7ed6e0531a20572697297273c47b8cae5a63ffc6d6ed5c201be6e44"},
]
"distro 1.8.0" = [
    {url = "https://files.pythonhosted.org/packages/4b/89/eaa3a3587ebf8bed93e45aa79be8c2af77d50790d15b53f6dfc85b57f398/distro-1.8.0.tar.gz", hash = "sha256:02e111d1dc6a50abb8eed6bf31c3e48ed8b0830d1ea2a1b78c61765c2513fdd8"},
    {url = "https://files.pythonhosted.org/packages/f4/2c/c90a3adaf0ddb70afe193f5ebfb539612af57cffe677c3126be533df3098/distro-1.8.0-py3-none-any.whl", hash = "sha256:99522ca3e365cac527b44bde033f64c6945d90eb9f769703caaec52b09bbd3ff"},
]
"exceptiongroup 1.1.3" = [
    {url = "https://files.pythonhosted.org/packages/ad/83/b71e58666f156a39fb29417e4c8ca4bc7400c0dd4ed9e8842ab54dc8c344/exceptiongroup-1.1.3-py3-none-any.whl", hash = "sha256:343280667a4585d195ca1cf9cef84a4e178c4b6cf2274caef9859782b567d5e3"},
    {url = "https://files.pythonhosted.org/packages/c2/e1/5561ad26f99b7779c28356f73f69a8b468ef491d0f6adf20d7ed0ac98ec1/exceptiongroup-1.1.3.tar.gz", hash = "sha256:097acd85d473d75af5bb98e41b61ff7fe35efe6675e4f9370ec6ec5126d160e9"},
]
"h11 0.14.0" = [
    {url = "https://files.pythonhosted.org/packages/95/04/ff642e65ad6b90db43e668d70ffb6736436c7ce41fcc549f4e9472234127/h11-0.14.0-py3-none-any.whl", hash = "sha256:e3fe4ac4b851c468cc8363d500db52c2ead036020723024a109d37346efaa761"},
    {url = "https://files.pythonhosted.org/packages/f5/38/3af3d3633a34a3316095b39c8e8fb4853a28a536e55d347bd8d8e9a14b03/h11-0.14.0.tar.gz", hash = "sha256:8f19fbbe99e72420ff35c00b27a34cb9937e902a8b810e2c88300c6f0a3b699d"},
]
"httpcore 1.0.2" = [
    {url = "https://files.pythonhosted.org/packages/18/56/78a38490b834fa0942cbe6d39bd8a7fd76316e8940319305a98d2b320366/httpcore-1.0.2.tar.gz", hash = "sha256:9fc092e4799b26174648e54b74ed5f683132a464e95643b226e00c2ed2fa6535"},
    {url = "https://files.pythonhosted.org/packages/56/ba/78b0a99c4da0ff8b0f59defa2f13ca4668189b134bd9840b6202a93d9a0f/httpcore-1.0.2-py3-none-any.whl", hash = "sha256:096cc05bca73b8e459a1fc3dcf585148f63e534eae4339559c9b8a8d6399acc7"},
]
"httpx 0.25.1" = [
    {url = "https://files.pythonhosted.org/packages/1c/fe/c0523094193929a68b288e0ae3eb865725f1ee9faca0f21693a86e96c943/httpx-0.25.1.tar.gz", hash = "sha256:ffd96d5cf901e63863d9f1b4b6807861dbea4d301613415d9e6e57ead15fc5d0"},
    {url = "https://files.pythonhosted.org/packages/82/61/a5fca4a1e88e40969bbd0cf0d981f3aa76d5057db160b94f49603fc18740/httpx-0.25.1-py3-none-any.whl", hash = "sha256:fec7d6cc5c27c578a391f7e87b9aa7d3d8fbcd034f6399f9f79b45bcc12a866a"},
]
"idna 3.4" = [
    {url = "https://files.pythonhosted.org/packages/8b/e1/43beb3d38dba6cb420cefa297822eac205a277ab43e5ba5d5c46faf96438/idna-3.4.tar.gz", hash = "sha256:814f528e8dead7d329833b91c5faa87d60bf71824cd12a7530b5526063d02cb4"},
    {url = "https://files.pythonhosted.org/packages/fc/34/3030de6f1370931b9dbb4dad48f6ab1015ab1d32447850b9fc94e60097be/idna-3.4-py3-none-any.whl", hash = "sha256:90b77e79eaa3eba6de819a0c442c0b4ceefc341a7a2ab77d7562bf49f425c5c2"},
]
"markdown-it-py 3.0.0" = [
    {url = "https://files.pythonhosted.org/packages/38/71/3b932df36c1a044d397a1f92d1cf91ee0a503d91e470cbd670aa66b07ed0/markdown-it-py-3.0.0.tar.gz", hash = "sha256:e3f60a94fa066dc52ec76661e37c851cb232d92f9886b15cb560aaada2df8feb"},
    {url = "https://files.pythonhosted.org/packages/42/d7/1ec15b46af6af88f19b8e5ffea08fa375d433c998b8a7639e76935c14f1f/markdown_it_py-3.0.0-py3-none-any.whl", hash = "sha256:355216845c60bd96232cd8d8c40e8f9765cc86f46880e43a8fd22dc1a1a8cab1"},
]
"mdurl 0.1.2" = [
    {url = "https://files.pythonhosted.org/packages/b3/38/89ba8ad64ae25be8de66a6d463314cf1eb366222074cfda9ee839c56a4b4/mdurl-0.1.2-py3-none-any.whl", hash = "sha256:84008a41e51615a49fc9966191ff91509e3c40b939176e643fd50a5c2196b8f8"},
    {url = "https://files.pythonhosted.org/packages/d6/54/cfe61301667036ec958cb99bd3efefba235e65cdeb9c84d24a8293ba1d90/mdurl-0.1.2.tar.gz", hash = "sha256:bb413d29f5eea38f31dd4754dd7377d4465116fb207585f97bf925588687c1ba"},
]
"openai 1.14.3" = [
    {url = "https://files.pythonhosted.org/packages/83/30/f4c71038833912e3e3cd4083b0277d3a0e568e621cfb5c99f28b7c53dae1/openai-1.14.3-py3-none-any.whl", hash = "sha256:7a465994a7ccf677a110c6cc2ef9d86229bad42c060b585b67049aa749f3b774"},
    {url = "https://files.pythonhosted.org/packages/86/63/91360e36efac840aab776bf9a11a9c2f7a45aacca5f130fefe55f81da2d8/openai-1.14.3.tar.gz", hash = "sha256:37b514e9c0ff45383ec9b242abd0f7859b1080d4b54b61393ed341ecad1b8eb9"},
]
"pydantic 2.5.1" = [
    {url = "https://files.pythonhosted.org/packages/0b/6c/cebf0e87ee0f2496584e04079592f33610f1f9aaf3684cb3105f03969e2b/pydantic-2.5.1.tar.gz", hash = "sha256:0b8be5413c06aadfbe56f6dc1d45c9ed25fd43264414c571135c97dd77c2bedb"},
    {url = "https://files.pythonhosted.org/packages/e2/2c/9906b7abc337b0250a5634de5396e2f3cb1b837af0616424c2225a65aa80/pydantic-2.5.1-py3-none-any.whl", hash = "sha256:dc5244a8939e0d9a68f1f1b5f550b2e1c879912033b1becbedb315accc75441b"},
]
"pydantic-core 2.14.3" = [
    {url = "https://files.pythonhosted.org/packages/00/95/a31c0651358a6998b2448e706fd1376ea02343dc35d16415f9e1880e79d2/pydantic_core-2.14.3-cp311-none-win_arm64.whl", hash = "sha256:ec79dbe23702795944d2ae4c6925e35a075b88acd0d20acde7c77a817ebbce94"},
    {url = "https://files.pythonhosted.org/packages/00/d2/e33ef304104561c99c6d60071cd3af0ec3cdb5320b555eccafd60f1302e3/pydantic_core-2.14.3-cp312-cp312-musllinux_1_1_aarch64.whl", hash = "sha256:75f3f534f33651b73f4d3a16d0254de096f43737d51e981478d580f4b006b427"},
    {url = "https://files.pythonhosted.org/packages/07/68/8f370ef66e37132931daaf25145e0f187b0708177df8abd576465412c1ce/pydantic_core-2.14.3-cp311-cp311-manylinux_2_17_x86_64.manylinux2014_x86_64.whl", hash = "sha256:9dbab442a8d9ca918b4ed99db8d89d11b1f067a7dadb642476ad0889560dac79"},
    {url = "https://files.pythonhosted.org/packages/09/72/b1a67a0098bf06bcd53abeefdab21bf4b3bac290918aba8a9a1b08a21a6f/pydantic_core-2.14.3-cp37-cp37m-macosx_10_7_x86_64.whl", hash = "sha256:71ed769b58d44e0bc2701aa59eb199b6665c16e8a5b8b4a84db01f71580ec448"},
    {url = "https://files.pythonhosted.org/packages/0b/2e/2dd5edc6566936169812c4fccf20f2127b26c966963cb3e787f95d0998e2/pydantic_core-2.14.3-cp311-none-win_amd64.whl", hash = "sha256:7349f99f1ef8b940b309179733f2cad2e6037a29560f1b03fdc6aa6be0a8d03c"},
    {url = "https://files.pythonhosted.org/packages/0c/7f/a4478e68ef6afc96d4c02496b6941d8804f7aef6cf8198a301d77832030f/pydantic_core-2.14.3-cp39-cp39-macosx_10_7_x86_64.whl", hash = "sha256:1ea992659c03c3ea811d55fc0a997bec9dde863a617cc7b25cfde69ef32e55af"},
    {url = "https://files.pythonhosted.org/packages/0c/f8/f793b0eb170d8518e913a1e47bf4136b4707783b1f628ac15dd2380359ed/pydantic_core-2.14.3-pp310-pypy310_pp73-macosx_11_0_arm64.whl", hash = "sha256:7e63a56eb7fdee1587d62f753ccd6d5fa24fbeea57a40d9d8beaef679a24bdd6"},
    {url = "https://files.pythonhosted.org/packages/0f/39/b21d1e28a2ba9f6055c2389cf3769dd79daa5f59f077acfb29f49d9be98a/pydantic_core-2.14.3-cp37-cp37m-manylinux_2_17_armv7l.manylinux2014_armv7l.whl", hash = "sha256:92486a04d54987054f8b4405a9af9d482e5100d6fe6374fc3303015983fc8bda"},
    {url = "https://files.pythonhosted.org/packages/12/5a/29f0a115dd4d6237fc703326b377ca4d9081fe85a634b117ada1d1565196/pydantic_core-2.14.3-cp39-none-win_amd64.whl", hash = "sha256:2494d20e4c22beac30150b4be3b8339bf2a02ab5580fa6553ca274bc08681a65"},
    {url = "https://files.pythonhosted.org/packages/13/33/aaab9d79e3fdfc720e2378c048a5b61dc7b6187dfade80f8190c6a9b683d/pydantic_core-2.14.3-pp37-pypy37_pp73-musllinux_1_1_aarch64.whl", hash = "sha256:8488e973547e8fb1b4193fd9faf5236cf1b7cd5e9e6dc7ff6b4d9afdc4c720cb"},
    {url = "https://files.pythonhosted.org/packages/14/36/7c43e54eed801c924c84f9bb2e7dadf94295afc6f1ae095fe13d6c0b4c59/pydantic_core-2.14.3-cp38-cp38-manylinux_2_17_s390x.manylinux2014_s390x.whl", hash = "sha256:d06c78074646111fb01836585f1198367b17d57c9f427e07aaa9ff499003e58d"},
    {url = "https://files.pythonhosted.org/packages/18/dc/9cb8d945477ce6c9f5c76b073bb2c6ee8317abfa611682c9dec2cbac1daa/pydantic_core-2.14.3-pp38-pypy38_pp73-manylinux_2_5_i686.manylinux1_i686.whl", hash = "sha256:4cc6bb11f4e8e5ed91d78b9880774fbc0856cb226151b0a93b549c2b26a00c19"},
    {url = "https://files.pythonhosted.org/packages/1c/12/62100d806c775b59c13f4ddc5ca6da3b7b368064c047b7f71ef17c385751/pydantic_core-2.14.3-cp310-cp310-manylinux_2_17_aarch64.manylinux2014_aarch64.whl", hash = "sha256:7cc24728a1a9cef497697e53b3d085fb4d3bc0ef1ef4d9b424d9cf808f52c146"},
    {url = "https://files.pythonhosted.org/packages/1e/d6/33607ec555923a6600a9e5341311b5913423a71c97cc2841eb05a183a513/pydantic_core-2.14.3-cp312-cp312-manylinux_2_5_i686.manylinux1_i686.whl", hash = "sha256:f1b92e72babfd56585c75caf44f0b15258c58e6be23bc33f90885cebffde3400"},
    {url = "https://files.pythonhosted.org/packages/1f/4e/1af3b2283eb11235ac4cddb6d47677b3da15b77159288d326d298d516c92/pydantic_core-2.14.3-cp312-cp312-macosx_11_0_arm64.whl", hash = "sha256:6c2d118d1b6c9e2d577e215567eedbe11804c3aafa76d39ec1f8bc74e918fd07"},
    {url = "https://files.pythonhosted.org/packages/20/0b/3f326365a8a0726292661cff2f98ad7d6eaa0f10a242c8834c3ac45ee0f4/pydantic_core-2.14.3-cp39-cp39-manylinux_2_17_ppc64le.manylinux2014_ppc64le.whl", hash = "sha256:9ef3e2e407e4cad2df3c89488a761ed1f1c33f3b826a2ea9a411b0a7d1cccf1b"},
    {url = "https://files.pythonhosted.org/packages/23/b4/bedc009e34e181927cb47ec3f62e36e9bedd4de52d5a8737dece87998b85/pydantic_core-2.14.3-cp311-cp311-macosx_11_0_arm64.whl", hash = "sha256:88ec906eb2d92420f5b074f59cf9e50b3bb44f3cb70e6512099fdd4d88c2f87c"},
    {url = "https://files.pythonhosted.org/packages/24/36/70e6a9eb6d7f9739d5cd840d683ad99748c95bf9d118f2bbc38009e6bf9c/pydantic_core-2.14.3-cp312-none-win_amd64.whl", hash = "sha256:1582f01eaf0537a696c846bea92082082b6bfc1103a88e777e983ea9fbdc2a0f"},
    {url = "https://files.pythonhosted.org/packages/27/a0/9314c639512b9dfeaac2f7670c11e6d0dabdd811be35c7d7abfdc294ee09/pydantic_core-2.14.3-cp310-cp310-macosx_10_7_x86_64.whl", hash = "sha256:ba44fad1d114539d6a1509966b20b74d2dec9a5b0ee12dd7fd0a1bb7b8785e5f"},
    {url = "https://files.pythonhosted.org/packages/28/c4/54e06eddfd3d8f909e8860631849840fcd3bace6f5ff676e126934edd0a9/pydantic_core-2.14.3-cp38-cp38-manylinux_2_17_ppc64le.manylinux2014_ppc64le.whl", hash = "sha256:a5c51460ede609fbb4fa883a8fe16e749964ddb459966d0518991ec02eb8dfb9"},
    {url = "https://files.pythonhosted.org/packages/2e/20/d627f3d09796c18051094077d0468e1d6b3144db90960275632cb8938e3d/pydantic_core-2.14.3-cp310-cp310-manylinux_2_5_i686.manylinux1_i686.whl", hash = "sha256:7cb0c397f29688a5bd2c0dbd44451bc44ebb9b22babc90f97db5ec3e5bb69977"},
    {url = "https://files.pythonhosted.org/packages/30/af/eb0d325a9e04e121f3c90e73d35c8a85b34b7aa137a69101531acf048405/pydantic_core-2.14.3-cp37-cp37m-musllinux_1_1_aarch64.whl", hash = "sha256:c3dc2920cc96f9aa40c6dc54256e436cc95c0a15562eb7bd579e1811593c377e"},
    {url = "https://files.pythonhosted.org/packages/31/54/4e5f4d1ed5f26993c41d95e93e7197c779c54176ced676884086b5da9bb6/pydantic_core-2.14.3-cp311-cp311-manylinux_2_17_armv7l.manylinux2014_armv7l.whl", hash = "sha256:076edc972b68a66870cec41a4efdd72a6b655c4098a232314b02d2bfa3bfa157"},
    {url = "https://files.pythonhosted.org/packages/32/bb/1d69b4d39c74eaae4fa3886a1a826f1d86e0a0d38908cf525aa724339783/pydantic_core-2.14.3-cp311-cp311-manylinux_2_17_aarch64.manylinux2014_aarch64.whl", hash = "sha256:056ea7cc3c92a7d2a14b5bc9c9fa14efa794d9f05b9794206d089d06d3433dc7"},
    {url = "https://files.pythonhosted.org/packages/33/e7/f8b5ad15c67d4b1ccb92f0e6701ad6687d26cb6bcffbb8a9e6a2ebb85daf/pydantic_core-2.14.3-cp312-cp312-manylinux_2_17_armv7l.manylinux2014_armv7l.whl", hash = "sha256:136bc7247e97a921a020abbd6ef3169af97569869cd6eff41b6a15a73c44ea9b"},
    {url = "https://files.pythonhosted.org/packages/36/63/686c87bcc06714023791cce1a0705c2ab03799c6c107f770574ad89d0e67/pydantic_core-2.14.3-pp310-pypy310_pp73-manylinux_2_17_aarch64.manylinux2014_aarch64.whl", hash = "sha256:b7692f539a26265cece1e27e366df5b976a6db6b1f825a9e0466395b314ee48b"},
    {url = "https://files.pythonhosted.org/packages/38/d4/5ee2bac91b94eb86e00ee2428ae5e7483acd352100447dd9afe6cb2c9e28/pydantic_core-2.14.3-cp311-cp311-manylinux_2_5_i686.manylinux1_i686.whl", hash = "sha256:0653fb9fc2fa6787f2fa08631314ab7fc8070307bd344bf9471d1b7207c24623"},
    {url = "https://files.pythonhosted.org/packages/38/da/ce17a8459f6080e94860ddae29c7dee09bbdbf7e3463f930ed0cb5f28af3/pydantic_core-2.14.3-cp311-none-win32.whl", hash = "sha256:5b73441a1159f1fb37353aaefb9e801ab35a07dd93cb8177504b25a317f4215a"},
    {url = "https://files.pythonhosted.org/packages/3e/51/74a2627f62dbfb82fbc37dcc916795769d514d5cb3f9fe09c976d286dbc4/pydantic_core-2.14.3-pp310-pypy310_pp73-manylinux_2_17_x86_64.manylinux2014_x86_64.whl", hash = "sha256:af46f0b7a1342b49f208fed31f5a83b8495bb14b652f621e0a6787d2f10f24ee"},
    {url = "https://files.pythonhosted.org/packages/3f/84/9bc4915b59cfa7772a2d78a885577734072ce7eb5d301ad91bb4a17cb985/pydantic_core-2.14.3-pp39-pypy39_pp73-manylinux_2_5_i686.manylinux1_i686.whl", hash = "sha256:b28996872b48baf829ee75fa06998b607c66a4847ac838e6fd7473a6b2ab68e7"},
    {url = "https://files.pythonhosted.org/packages/42/22/96e3879fcd920229fb7c5368e9505d5e33e6ece7a303488ff165feee6c0f/pydantic_core-2.14.3-pp39-pypy39_pp73-manylinux_2_17_x86_64.manylinux2014_x86_64.whl", hash = "sha256:1e2979dc80246e18e348de51246d4c9b410186ffa3c50e77924bec436b1e36cb"},
    {url = "https://files.pythonhosted.org/packages/43/f1/bb0d58e0a545ec66deed44221b60892481a66834356787f5b2a086eca4d8/pydantic_core-2.14.3-cp311-cp311-macosx_10_7_x86_64.whl", hash = "sha256:f1f46700402312bdc31912f6fc17f5ecaaaa3bafe5487c48f07c800052736289"},
    {url = "https://files.pythonhosted.org/packages/45/6b/54c1e64d3bad828b494f5f4f0b73591d28b701d06597b7bffaf83036e806/pydantic_core-2.14.3-cp312-cp312-musllinux_1_1_x86_64.whl", hash = "sha256:c9ffd823c46e05ef3eb28b821aa7bc501efa95ba8880b4a1380068e32c5bed47"},
    {url = "https://files.pythonhosted.org/packages/46/8a/2421bb9646d82fe2043ea8bd7d492fa4e5d6a7f3561e40aea4f3e7c0bc36/pydantic_core-2.14.3-cp39-cp39-musllinux_1_1_x86_64.whl", hash = "sha256:98d8b3932f1a369364606417ded5412c4ffb15bedbcf797c31317e55bd5d920e"},
    {url = "https://files.pythonhosted.org/packages/4c/1c/55f6ba043bde6aaaeb9bb93e3a15e07296fc99f76f36e9a8cf8665078fbd/pydantic_core-2.14.3-cp37-none-win32.whl", hash = "sha256:364dba61494e48f01ef50ae430e392f67ee1ee27e048daeda0e9d21c3ab2d609"},
    {url = "https://files.pythonhosted.org/packages/4c/bd/858e68d04d4810a1f756b441eecc011a1827a26094d0d5f2f3651f77c858/pydantic_core-2.14.3-pp310-pypy310_pp73-musllinux_1_1_aarch64.whl", hash = "sha256:de52ddfa6e10e892d00f747bf7135d7007302ad82e243cf16d89dd77b03b649d"},
    {url = "https://files.pythonhosted.org/packages/4c/ee/b3479b31f47226bae5d9033761971bec215774a6078ce08e8618d6381470/pydantic_core-2.14.3.tar.gz", hash = "sha256:3ad083df8fe342d4d8d00cc1d3c1a23f0dc84fce416eb301e69f1ddbbe124d3f"},
    {url = "https://files.pythonhosted.org/packages/52/d9/e6127c285b1f44173c369ddddaad9f816d08684093284a4b58905cf69689/pydantic_core-2.14.3-pp310-pypy310_pp73-musllinux_1_1_x86_64.whl", hash = "sha256:38113856c7fad8c19be7ddd57df0c3e77b1b2336459cb03ee3903ce9d5e236ce"},
    {url = "https://files.pythonhosted.org/packages/56/75/bd69d02ca434c425c879859eb95bc719ca3783e8c1281fa8fc1595b6c52e/pydantic_core-2.14.3-pp37-pypy37_pp73-manylinux_2_5_i686.manylinux1_i686.whl", hash = "sha256:113752a55a8eaece2e4ac96bc8817f134c2c23477e477d085ba89e3aa0f4dc44"},
    {url = "https://files.pythonhosted.org/packages/56/77/68f2dcbf75bb8f510e99fa48f825c02e02f3c6fe7f3dfafa4d1757644792/pydantic_core-2.14.3-cp38-cp38-macosx_10_7_x86_64.whl", hash = "sha256:10904368261e4509c091cbcc067e5a88b070ed9a10f7ad78f3029c175487490f"},
    {url = "https://files.pythonhosted.org/packages/56/91/af6504aad4bd9b9659c2ba0da838f9cbae2b3d24cadb1e3ffdfc2cf174df/pydantic_core-2.14.3-cp37-cp37m-manylinux_2_17_aarch64.manylinux2014_aarch64.whl", hash = "sha256:eaab9dc009e22726c62fe3b850b797e7f0e7ba76d245284d1064081f512c7226"},
    {url = "https://files.pythonhosted.org/packages/59/9a/300410b17a1021e038cdcea381d0b042f5187d67d5d9e06f183256591973/pydantic_core-2.14.3-cp310-cp310-musllinux_1_1_aarch64.whl", hash = "sha256:9ff737f24b34ed26de62d481ef522f233d3c5927279f6b7229de9b0deb3f76b5"},
    {url = "https://files.pythonhosted.org/packages/59/bf/54ef6d58bf1674a2e4de353e124da36914b5e2a15e0d3bdd47836aa1e55e/pydantic_core-2.14.3-cp39-cp39-manylinux_2_5_i686.manylinux1_i686.whl", hash = "sha256:d41df8e10b094640a6b234851b624b76a41552f637b9fb34dc720b9fe4ef3be4"},
    {url = "https://files.pythonhosted.org/packages/5c/bd/034025169392a2f18213f6756fc20351124aa9d44dfcf82fe7c322dd7867/pydantic_core-2.14.3-cp312-cp312-manylinux_2_17_ppc64le.manylinux2014_ppc64le.whl", hash = "sha256:aeafc7f5bbddc46213707266cadc94439bfa87ecf699444de8be044d6d6eb26f"},
    {url = "https://files.pythonhosted.org/packages/60/6b/cb4af963d593c80d7c44310f10b1f80fb3afe24f914503e3718872defea1/pydantic_core-2.14.3-cp311-cp311-manylinux_2_17_ppc64le.manylinux2014_ppc64le.whl", hash = "sha256:e71f666c3bf019f2490a47dddb44c3ccea2e69ac882f7495c68dc14d4065eac2"},
    {url = "https://files.pythonhosted.org/packages/63/5a/071d60f1a9032bc355bc59e8a33c62dc0a6160f19ee11bd4ead8cef49421/pydantic_core-2.14.3-cp39-cp39-musllinux_1_1_aarch64.whl", hash = "sha256:2c08ac60c3caa31f825b5dbac47e4875bd4954d8f559650ad9e0b225eaf8ed0c"},
    {url = "https://files.pythonhosted.org/packages/6a/1f/3716cbd8dac584d3f6ae7c6b9eddae33b38ac83dbe137d328346b67b36ee/pydantic_core-2.14.3-pp39-pypy39_pp73-macosx_10_7_x86_64.whl", hash = "sha256:0a3e51c2be472b7867eb0c5d025b91400c2b73a0823b89d4303a9097e2ec6655"},
    {url = "https://files.pythonhosted.org/packages/6a/c4/38c121f3d6cff98c8e4d55a4ede7e8b7f0852c66cbe2a174ec9d5b882814/pydantic_core-2.14.3-cp39-cp39-manylinux_2_17_s390x.manylinux2014_s390x.whl", hash = "sha256:f86f20a9d5bee1a6ede0f2757b917bac6908cde0f5ad9fcb3606db1e2968bcf5"},
    {url = "https://files.pythonhosted.org/packages/6b/7b/2eb05743637b4ffac48e1e1469d3917090436b553e0aab531697ccf145c3/pydantic_core-2.14.3-pp37-pypy37_pp73-musllinux_1_1_x86_64.whl", hash = "sha256:3d1dde10bd9962b1434053239b1d5490fc31a2b02d8950a5f731bc584c7a5a0f"},
    {url = "https://files.pythonhosted.org/packages/6f/57/caec0ef6d6426e32b82be4ee6a2b22620bc28234952767a93e0ab40daa19/pydantic_core-2.14.3-cp312-none-win32.whl", hash = "sha256:12e05a76b223577a4696c76d7a6b36a0ccc491ffb3c6a8cf92d8001d93ddfd63"},
    {url = "https://files.pythonhosted.org/packages/71/61/a0d51ac7a578e3bb940218f411226a8879f3317b17744f828b3deda5c550/pydantic_core-2.14.3-cp37-cp37m-macosx_11_0_arm64.whl", hash = "sha256:5402ee0f61e7798ea93a01b0489520f2abfd9b57b76b82c93714c4318c66ca06"},
    {url = "https://files.pythonhosted.org/packages/72/65/5b6e992a11e2ec99b6f2887d52e19f54ace9a2876a37ce95c2e63604396c/pydantic_core-2.14.3-cp39-cp39-macosx_11_0_arm64.whl", hash = "sha256:d2b53e1f851a2b406bbb5ac58e16c4a5496038eddd856cc900278fa0da97f3fc"},
    {url = "https://files.pythonhosted.org/packages/72/f4/14f79933d015cd3d265f4e13081ff119738daf2333e79f5ebea44572e4ea/pydantic_core-2.14.3-cp310-cp310-manylinux_2_17_s390x.manylinux2014_s390x.whl", hash = "sha256:38aed5a1bbc3025859f56d6a32f6e53ca173283cb95348e03480f333b1091e7d"},
    {url = "https://files.pythonhosted.org/packages/73/12/3815ed41ff19814bcb63cbdae0d672dd2e02e6bed48570716d17a6785182/pydantic_core-2.14.3-cp310-none-win_amd64.whl", hash = "sha256:536e1f58419e1ec35f6d1310c88496f0d60e4f182cacb773d38076f66a60b149"},
    {url = "https://files.pythonhosted.org/packages/76/c9/d4ba876b6fc32678fe4ab403eed5155629f69d8b1f6465ec7fe894d42648/pydantic_core-2.14.3-cp37-cp37m-manylinux_2_17_ppc64le.manylinux2014_ppc64le.whl", hash = "sha256:cf08b43d1d5d1678f295f0431a4a7e1707d4652576e1d0f8914b5e0213bfeee5"},
    {url = "https://files.pythonhosted.org/packages/77/c0/cf54a4ed0e3e92398e6d780c3af5578f573ab8d3a3fa0ae5856f46005fae/pydantic_core-2.14.3-pp39-pypy39_pp73-musllinux_1_1_x86_64.whl", hash = "sha256:aecd5ed096b0e5d93fb0367fd8f417cef38ea30b786f2501f6c34eabd9062c38"},
    {url = "https://files.pythonhosted.org/packages/7e/1a/821fe01683446928acc70c30c2250d46fa08094ab665bc4e63c335e4ed37/pydantic_core-2.14.3-cp310-none-win32.whl", hash = "sha256:ccbf355b7276593c68fa824030e68cb29f630c50e20cb11ebb0ee450ae6b3d08"},
    {url = "https://files.pythonhosted.org/packages/7e/54/28d157e2cc28e8739e7e69e68e4c69d1b1ed78035bdd168832f75f192165/pydantic_core-2.14.3-pp38-pypy38_pp73-manylinux_2_17_x86_64.manylinux2014_x86_64.whl", hash = "sha256:bf15145b1f8056d12c67255cd3ce5d317cd4450d5ee747760d8d088d85d12a2d"},
    {url = "https://files.pythonhosted.org/packages/82/e0/b762f3ce8f68cbc69405e1da7eed7c645ab90fae125328b3531552a2cb49/pydantic_core-2.14.3-pp38-pypy38_pp73-macosx_10_7_x86_64.whl", hash = "sha256:2c83892c7bf92b91d30faca53bb8ea21f9d7e39f0ae4008ef2c2f91116d0464a"},
    {url = "https://files.pythonhosted.org/packages/83/7b/fb51edabd10d0c55dff36ca1f3785e66823fa3a1c778f51e4c007c2c77aa/pydantic_core-2.14.3-cp312-cp312-manylinux_2_17_s390x.manylinux2014_s390x.whl", hash = "sha256:e16aaf788f1de5a85c8f8fcc9c1ca1dd7dd52b8ad30a7889ca31c7c7606615b8"},
    {url = "https://files.pythonhosted.org/packages/86/78/ca07a116cf7702877879a1fe38e053391b86eda1549e29ae2efc2f0e90fc/pydantic_core-2.14.3-cp312-cp312-manylinux_2_17_aarch64.manylinux2014_aarch64.whl", hash = "sha256:fe863491664c6720d65ae438d4efaa5eca766565a53adb53bf14bc3246c72fe0"},
    {url = "https://files.pythonhosted.org/packages/8a/7d/4a6ef6976baacb0c8a4f8d4db8016b126429b76e0d20c9bb1b422a79770f/pydantic_core-2.14.3-cp37-cp37m-manylinux_2_17_x86_64.manylinux2014_x86_64.whl", hash = "sha256:44afa3c18d45053fe8d8228950ee4c8eaf3b5a7f3b64963fdeac19b8342c987f"},
    {url = "https://files.pythonhosted.org/packages/8a/b3/da7d06e43e809afae2573c13a1ab123312a5a47a6035acba02b238ff3b0a/pydantic_core-2.14.3-cp310-cp310-musllinux_1_1_x86_64.whl", hash = "sha256:a1a39fecb5f0b19faee9a8a8176c805ed78ce45d760259a4ff3d21a7daa4dfc1"},
    {url = "https://files.pythonhosted.org/packages/8b/2c/987d49a5bb5b95cddbf6a23ba895f4615a3db0c2c0604bff7fc3be31e4c3/pydantic_core-2.14.3-cp39-cp39-manylinux_2_17_armv7l.manylinux2014_armv7l.whl", hash = "sha256:8d3b9c91eeb372a64ec6686c1402afd40cc20f61a0866850f7d989b6bf39a41a"},
    {url = "https://files.pythonhosted.org/packages/90/b3/85fa2489ec5e9a3b10be100e689d93d3ee14233c26e004759117c9b1807a/pydantic_core-2.14.3-cp39-cp39-manylinux_2_17_aarch64.manylinux2014_aarch64.whl", hash = "sha256:0c7f8e8a7cf8e81ca7d44bea4f181783630959d41b4b51d2f74bc50f348a090f"},
    {url = "https://files.pythonhosted.org/packages/95/51/1fb2e355a7baef3d49c7469319f2b8bdd79568f3077e0e6d0fc590cef3cd/pydantic_core-2.14.3-cp37-none-win_amd64.whl", hash = "sha256:a402ae1066be594701ac45661278dc4a466fb684258d1a2c434de54971b006ca"},
    {url = "https://files.pythonhosted.org/packages/95/9a/3083b91955721c43e1588785ad8590a548974269134193d2c094bd9159ec/pydantic_core-2.14.3-pp38-pypy38_pp73-win_amd64.whl", hash = "sha256:1f2d4516c32255782153e858f9a900ca6deadfb217fd3fb21bb2b60b4e04d04d"},
    {url = "https://files.pythonhosted.org/packages/96/41/e8f58760a3e66a7c8805dae542e657f02f4f6e865c2fae7936008dad439c/pydantic_core-2.14.3-cp38-cp38-macosx_11_0_arm64.whl", hash = "sha256:260692420028319e201b8649b13ac0988974eeafaaef95d0dfbf7120c38dc000"},
    {url = "https://files.pythonhosted.org/packages/97/45/99e2eb2afddb62e6eb24f729aea00d7c5377630bed9087d94b4db354876d/pydantic_core-2.14.3-cp38-none-win_amd64.whl", hash = "sha256:2bc736725f9bd18a60eec0ed6ef9b06b9785454c8d0105f2be16e4d6274e63d0"},
    {url = "https://files.pythonhosted.org/packages/9b/7a/1d11677233d5b70814080704fc6bd4e2670680ee7ebb8e0b0353a000c69c/pydantic_core-2.14.3-pp39-pypy39_pp73-musllinux_1_1_aarch64.whl", hash = "sha256:ca55c9671bb637ce13d18ef352fd32ae7aba21b4402f300a63f1fb1fd18e0364"},
    {url = "https://files.pythonhosted.org/packages/9c/cc/3b891aa9cb4bbc32de98765fc2f1f22a8508cefbc195525b452856469e36/pydantic_core-2.14.3-cp38-cp38-manylinux_2_5_i686.manylinux1_i686.whl", hash = "sha256:e3ad4968711fb379a67c8c755beb4dae8b721a83737737b7bcee27c05400b047"},
    {url = "https://files.pythonhosted.org/packages/9f/0e/fc75d42e7e00cf5674c26c2d3c5d99a60c219915ed2212cca8726c2d21e2/pydantic_core-2.14.3-pp37-pypy37_pp73-macosx_10_7_x86_64.whl", hash = "sha256:76fc18653a5c95e5301a52d1b5afb27c9adc77175bf00f73e94f501caf0e05ad"},
    {url = "https://files.pythonhosted.org/packages/a0/fc/e847272bc5a6844dadb7d9f4454fb7c3815ab1d77adba424a89b46985a8e/pydantic_core-2.14.3-cp38-cp38-manylinux_2_17_aarch64.manylinux2014_aarch64.whl", hash = "sha256:3c1bf1a7b05a65d3b37a9adea98e195e0081be6b17ca03a86f92aeb8b110f468"},
    {url = "https://files.pythonhosted.org/packages/a7/5d/27d3a1490c8228f5a82c5b2e54e3c537bf6aa9b8df74633e7a14d99e4777/pydantic_core-2.14.3-cp37-cp37m-musllinux_1_1_x86_64.whl", hash = "sha256:e483b8b913fcd3b48badec54185c150cb7ab0e6487914b84dc7cde2365e0c892"},
    {url = "https://files.pythonhosted.org/packages/aa/a8/349b92c56b44ed6eca928d802ec8d6297b1f5001eb8f0d70650e4dedd95e/pydantic_core-2.14.3-pp39-pypy39_pp73-win_amd64.whl", hash = "sha256:44aaf1a07ad0824e407dafc637a852e9a44d94664293bbe7d8ee549c356c8882"},
    {url = "https://files.pythonhosted.org/packages/ae/d3/53ac6e8418ef3c3dcb0434c797b1f0108e38018c076c51f7cbc57b44579d/pydantic_core-2.14.3-pp310-pypy310_pp73-win_amd64.whl", hash = "sha256:354db020b1f8f11207b35360b92d95725621eb92656725c849a61e4b550f4acc"},
    {url = "https://files.pythonhosted.org/packages/b1/60/cc687471b091d7f7c689108dc7c5d62573afe2f9d0a273f7a91912b1eea1/pydantic_core-2.14.3-pp38-pypy38_pp73-musllinux_1_1_x86_64.whl", hash = "sha256:b02b5e1f54c3396c48b665050464803c23c685716eb5d82a1d81bf81b5230da4"},
    {url = "https://files.pythonhosted.org/packages/b5/24/73f0d9f441c66b98d984121d8dbc95913e8b35d6e5bfadcc1ba45a698a67/pydantic_core-2.14.3-cp37-cp37m-manylinux_2_17_s390x.manylinux2014_s390x.whl", hash = "sha256:a8ca13480ce16daad0504be6ce893b0ee8ec34cd43b993b754198a89e2787f7e"},
    {url = "https://files.pythonhosted.org/packages/b8/77/77d88d7bcf3fb82e12685c708d39405524c55e2b959f9602d490c849b45e/pydantic_core-2.14.3-cp39-cp39-manylinux_2_17_x86_64.manylinux2014_x86_64.whl", hash = "sha256:61beaa79d392d44dc19d6f11ccd824d3cccb865c4372157c40b92533f8d76dd0"},
    {url = "https://files.pythonhosted.org/packages/b8/e7/91f3c2e9ecff2dcd6126f3f5f3f20afcd6ed89d4757accbde8c7ac80c55e/pydantic_core-2.14.3-cp310-cp310-manylinux_2_17_x86_64.manylinux2014_x86_64.whl", hash = "sha256:1767bd3f6370458e60c1d3d7b1d9c2751cc1ad743434e8ec84625a610c8b9195"},
    {url = "https://files.pythonhosted.org/packages/bb/37/8360855e80e9572df8a5b770d770eb5a47896681e56ba24d386323f4f7cd/pydantic_core-2.14.3-cp311-cp311-musllinux_1_1_x86_64.whl", hash = "sha256:cc956f78651778ec1ab105196e90e0e5f5275884793ab67c60938c75bcca3989"},
    {url = "https://files.pythonhosted.org/packages/c1/ab/bceccb245a8fae27a4e5bb3fde505a1c851013cb79b1ede50aca97263f27/pydantic_core-2.14.3-cp312-none-win_arm64.whl", hash = "sha256:96fb679c7ca12a512d36d01c174a4fbfd912b5535cc722eb2c010c7b44eceb8e"},
    {url = "https://files.pythonhosted.org/packages/c2/52/8ac7a20413fb69fa1650630c67af8ba16a178c7169c7dda56ff7fc725dcc/pydantic_core-2.14.3-cp312-cp312-macosx_10_7_x86_64.whl", hash = "sha256:8f5624f0f67f2b9ecaa812e1dfd2e35b256487566585160c6c19268bf2ffeccc"},
    {url = "https://files.pythonhosted.org/packages/c3/8e/fecae63bbee12eb2cc6eab295c1741b01fae71518631f6249d3c148707e1/pydantic_core-2.14.3-pp310-pypy310_pp73-macosx_10_7_x86_64.whl", hash = "sha256:fe272a72c7ed29f84c42fedd2d06c2f9858dc0c00dae3b34ba15d6d8ae0fbaaf"},
    {url = "https://files.pythonhosted.org/packages/c4/c1/4497bbce6df94212087d31280679526d0bd2f6908f751f0616a110da817e/pydantic_core-2.14.3-pp37-pypy37_pp73-manylinux_2_17_aarch64.manylinux2014_aarch64.whl", hash = "sha256:2646f8270f932d79ba61102a15ea19a50ae0d43b314e22b3f8f4b5fabbfa6e38"},
    {url = "https://files.pythonhosted.org/packages/c9/bc/7e02189470a3fff950282e3949f29b3d35f2832e2c343ee946ee6b010dc6/pydantic_core-2.14.3-cp38-cp38-musllinux_1_1_aarch64.whl", hash = "sha256:c5ea0153482e5b4d601c25465771c7267c99fddf5d3f3bdc238ef930e6d051cf"},
    {url = "https://files.pythonhosted.org/packages/cc/9e/de69620243d2941584eed0106efdebaa19ad02fa5bf9209d6a2d722e925c/pydantic_core-2.14.3-cp311-cp311-musllinux_1_1_aarch64.whl", hash = "sha256:c54af5069da58ea643ad34ff32fd6bc4eebb8ae0fef9821cd8919063e0aeeaab"},
    {url = "https://files.pythonhosted.org/packages/ce/66/1686ffe300019238208fc38bc9f90678e85fae1e07de94ac0bd2736d11b6/pydantic_core-2.14.3-cp310-cp310-macosx_11_0_arm64.whl", hash = "sha256:4a70d23eedd88a6484aa79a732a90e36701048a1509078d1b59578ef0ea2cdf5"},
    {url = "https://files.pythonhosted.org/packages/d5/4b/90dd2432d060327413b1f23d04bb4d2d58babdee9cfb44efc7a0c234efd9/pydantic_core-2.14.3-pp310-pypy310_pp73-manylinux_2_5_i686.manylinux1_i686.whl", hash = "sha256:6e2f9d76c00e805d47f19c7a96a14e4135238a7551a18bfd89bb757993fd0933"},
    {url = "https://files.pythonhosted.org/packages/da/48/8048fb71f1fa20daabe3c95049ab19447d6dddcff25f4ff4856e344fa2d5/pydantic_core-2.14.3-cp37-cp37m-manylinux_2_5_i686.manylinux1_i686.whl", hash = "sha256:56814b41486e2d712a8bc02a7b1f17b87fa30999d2323bbd13cf0e52296813a1"},
    {url = "https://files.pythonhosted.org/packages/da/6a/d25b9ceb250125fc37f002167b89e960ffa138a4bd49de3af64280549e15/pydantic_core-2.14.3-pp38-pypy38_pp73-musllinux_1_1_aarch64.whl", hash = "sha256:832d16f248ca0cc96929139734ec32d21c67669dcf8a9f3f733c85054429c012"},
    {url = "https://files.pythonhosted.org/packages/e1/e8/6137e62339a9810e4b7b87e8a81a9b395b5c350e8d18c0fa33ad46076ecc/pydantic_core-2.14.3-cp38-cp38-manylinux_2_17_x86_64.manylinux2014_x86_64.whl", hash = "sha256:af452e69446fadf247f18ac5d153b1f7e61ef708f23ce85d8c52833748c58075"},
    {url = "https://files.pythonhosted.org/packages/e2/35/42e74fd3efa7b968f17519b21c8de8e9e430149160471d8ce9e6f01fb0f3/pydantic_core-2.14.3-cp311-cp311-manylinux_2_17_s390x.manylinux2014_s390x.whl", hash = "sha256:f518eac285c9632be337323eef9824a856f2680f943a9b68ac41d5f5bad7df7c"},
    {url = "https://files.pythonhosted.org/packages/e2/58/dcff4abeb94e3a3ddf98eae59bb725ed32afe9f749187664d1430968165d/pydantic_core-2.14.3-cp38-none-win32.whl", hash = "sha256:ea1498ce4491236d1cffa0eee9ad0968b6ecb0c1cd711699c5677fc689905f00"},
    {url = "https://files.pythonhosted.org/packages/e4/63/9ae77181d9f00fd123f2520dbaaabe38492375beb07fa9d18b28be51c9de/pydantic_core-2.14.3-pp37-pypy37_pp73-manylinux_2_17_x86_64.manylinux2014_x86_64.whl", hash = "sha256:37dad73a2f82975ed563d6a277fd9b50e5d9c79910c4aec787e2d63547202315"},
    {url = "https://files.pythonhosted.org/packages/e4/d0/6c95c54d2ed2bad6592398815693675d064c0ee49e6c200561e2bbe63f67/pydantic_core-2.14.3-cp38-cp38-manylinux_2_17_armv7l.manylinux2014_armv7l.whl", hash = "sha256:d7abd17a838a52140e3aeca271054e321226f52df7e0a9f0da8f91ea123afe98"},
    {url = "https://files.pythonhosted.org/packages/e9/56/c18f7c8516925cb6526f9342ab4b33715ebb622101abe9618ac684271604/pydantic_core-2.14.3-cp310-cp310-manylinux_2_17_armv7l.manylinux2014_armv7l.whl", hash = "sha256:ab4a2381005769a4af2ffddae74d769e8a4aae42e970596208ec6d615c6fb080"},
    {url = "https://files.pythonhosted.org/packages/ea/81/b3de87f7831a8fba416fedc57a1c689ba76b37cdfa17a5482b8fa69aaa80/pydantic_core-2.14.3-pp38-pypy38_pp73-macosx_11_0_arm64.whl", hash = "sha256:849cff945284c577c5f621d2df76ca7b60f803cc8663ff01b778ad0af0e39bb9"},
    {url = "https://files.pythonhosted.org/packages/ec/ea/67189f73135d75d4678eda0d63aabe47c51b9b40a60305b4c64b25111514/pydantic_core-2.14.3-pp39-pypy39_pp73-macosx_11_0_arm64.whl", hash = "sha256:df33902464410a1f1a0411a235f0a34e7e129f12cb6340daca0f9d1390f5fe10"},
    {url = "https://files.pythonhosted.org/packages/ef/1e/2875a94ab0c303b5852359c224f8693c809fe3e050b28576767af3acb715/pydantic_core-2.14.3-cp312-cp312-manylinux_2_17_x86_64.manylinux2014_x86_64.whl", hash = "sha256:f8fc652c354d3362e2932a79d5ac4bbd7170757a41a62c4fe0f057d29f10bebb"},
    {url = "https://files.pythonhosted.org/packages/f0/30/e50ffe72d7fd158ff190c65fa7a8064cec43627716fd12d2a5f048468832/pydantic_core-2.14.3-cp38-cp38-musllinux_1_1_x86_64.whl", hash = "sha256:96eb10ef8920990e703da348bb25fedb8b8653b5966e4e078e5be382b430f9e0"},
    {url = "https://files.pythonhosted.org/packages/f5/66/2241e23dca988c54d1ef25a15f91046d250130331394aec50baf3eede67d/pydantic_core-2.14.3-pp38-pypy38_pp73-manylinux_2_17_aarch64.manylinux2014_aarch64.whl", hash = "sha256:4aa89919fbd8a553cd7d03bf23d5bc5deee622e1b5db572121287f0e64979476"},
    {url = "https://files.pythonhosted.org/packages/f7/e1/9e051052b8d5a9027c90892c2ee3b2476d295596fc84dcdc20bb9213577f/pydantic_core-2.14.3-cp310-cp310-manylinux_2_17_ppc64le.manylinux2014_ppc64le.whl", hash = "sha256:905a12bf088d6fa20e094f9a477bf84bd823651d8b8384f59bcd50eaa92e6a52"},
    {url = "https://files.pythonhosted.org/packages/fd/81/7bcde32ca3434ec80861205d5f949fe28247af9712dd7da940f08445c45d/pydantic_core-2.14.3-pp39-pypy39_pp73-manylinux_2_17_aarch64.manylinux2014_aarch64.whl", hash = "sha256:27828f0227b54804aac6fb077b6bb48e640b5435fdd7fbf0c274093a7b78b69c"},
    {url = "https://files.pythonhosted.org/packages/ff/1b/937923cfa9df349c632ddead46e57c996103f9bfe904f5ff6cc87472df6e/pydantic_core-2.14.3-cp39-none-win32.whl", hash = "sha256:caa94726791e316f0f63049ee00dff3b34a629b0d099f3b594770f7d0d8f1f56"},
]
"pygments 2.17.2" = [
    {url = "https://files.pythonhosted.org/packages/55/59/8bccf4157baf25e4aa5a0bb7fa3ba8600907de105ebc22b0c78cfbf6f565/pygments-2.17.2.tar.gz", hash = "sha256:da46cec9fd2de5be3a8a784f434e4c4ab670b4ff54d605c4c2717e9d49c4c367"},
    {url = "https://files.pythonhosted.org/packages/97/9c/372fef8377a6e340b1704768d20daaded98bf13282b5327beb2e2fe2c7ef/pygments-2.17.2-py3-none-any.whl", hash = "sha256:b27c2826c47d0f3219f29554824c30c5e8945175d888647acd804ddd04af846c"},
]
"rich 13.7.1" = [
    {url = "https://files.pythonhosted.org/packages/87/67/a37f6214d0e9fe57f6ae54b2956d550ca8365857f42a1ce0392bb21d9410/rich-13.7.1-py3-none-any.whl", hash = "sha256:4edbae314f59eb482f54e9e30bf00d33350aaa94f4bfcd4e9e3110e64d0d7222"},
    {url = "https://files.pythonhosted.org/packages/b3/01/c954e134dc440ab5f96952fe52b4fdc64225530320a910473c1fe270d9aa/rich-13.7.1.tar.gz", hash = "sha256:9be308cb1fe2f1f57d67ce99e95af38a1e2bc71ad9813b0e247cf7ffbcc3a432"},
]
"shellingham 1.5.4" = [
    {url = "https://files.pythonhosted.org/packages/58/15/8b3609fd3830ef7b27b655beb4b4e9c62313a4e8da8c676e142cc210d58e/shellingham-1.5.4.tar.gz", hash = "sha256:8dbca0739d487e5bd35ab3ca4b36e11c4078f3a234bfce294b0a0291363404de"},
    {url = "https://files.pythonhosted.org/packages/e0/f9/0595336914c5619e5f28a1fb793285925a8cd4b432c9da0a987836c7f822/shellingham-1.5.4-py2.py3-none-any.whl", hash = "sha256:7ecfff8f2fd72616f7481040475a65b2bf8af90a56c89140852d1120324e8686"},
]
"sniffio 1.3.0" = [
    {url = "https://files.pythonhosted.org/packages/c3/a0/5dba8ed157b0136607c7f2151db695885606968d1fae123dc3391e0cfdbf/sniffio-1.3.0-py3-none-any.whl", hash = "sha256:eecefdce1e5bbfb7ad2eeaabf7c1eeb404d7757c379bd1f7e5cce9d8bf425384"},
    {url = "https://files.pythonhosted.org/packages/cd/50/d49c388cae4ec10e8109b1b833fd265511840706808576df3ada99ecb0ac/sniffio-1.3.0.tar.gz", hash = "sha256:e60305c5e5d314f5389259b7f22aaa33d8f7dee49763119234af3755c55b9101"},
]
"tqdm 4.66.1" = [
    {url = "https://files.pythonhosted.org/packages/00/e5/f12a80907d0884e6dff9c16d0c0114d81b8cd07dc3ae54c5e962cc83037e/tqdm-4.66.1-py3-none-any.whl", hash = "sha256:d302b3c5b53d47bce91fea46679d9c3c6508cf6332229aa1e7d8653723793386"},
    {url = "https://files.pythonhosted.org/packages/62/06/d5604a70d160f6a6ca5fd2ba25597c24abd5c5ca5f437263d177ac242308/tqdm-4.66.1.tar.gz", hash = "sha256:d88e651f9db8d8551a62556d3cff9e3034274ca5d66e93197cf2490e2dcb69c7"},
]
"typer 0.10.0" = [
    {url = "https://files.pythonhosted.org/packages/8d/1b/b54d2c7488783b7fb11ae5e509646d19e3aaadda941503bce55c68f2abca/typer-0.10.0.tar.gz", hash = "sha256:597f974754520b091665f993f88abdd088bb81c56b3042225434ced0b50a788b"},
    {url = "https://files.pythonhosted.org/packages/d9/07/8100c125307a26f03c305764f22cd995ae1878071ddf1df3588add73b53c/typer-0.10.0-py3-none-any.whl", hash = "sha256:b8a587aa06d3c5422c09c2e9935eb80b4c9de8605fd5ab702b2f92d72246ca48"},
]
"typing-extensions 4.8.0" = [
    {url = "https://files.pythonhosted.org/packages/1f/7a/8b94bb016069caa12fc9f587b28080ac33b4fbb8ca369b98bc0a4828543e/typing_extensions-4.8.0.tar.gz", hash = "sha256:df8e4339e9cb77357558cbdbceca33c303714cf861d1eef15e1070055ae8b7ef"},
    {url = "https://files.pythonhosted.org/packages/24/21/7d397a4b7934ff4028987914ac1044d3b7d52712f30e2ac7a2ae5bc86dd0/typing_extensions-4.8.0-py3-none-any.whl", hash = "sha256:8f92fc8806f9a6b641eaa5318da32b44d401efaac0f6678c9bc448ba3605faa0"},
]
